
Microsoft Visual Studio Solution File, Format Version 12.00
# Visual Studio Version 17
VisualStudioVersion = 17.11.35327.3
MinimumVisualStudioVersion = 10.0.40219.1
Project("{2150E333-8FDC-42A3-9474-1A3956D46DE8}") = "Core", "Core", "{CD33F6B0-40D3-4EE9-95B0-EF288DE77141}"
EndProject
Project("{2150E333-8FDC-42A3-9474-1A3956D46DE8}") = "Infrastructure", "Infrastructure", "{FBB0790C-2593-4227-812D-F944FA632628}"
EndProject
Project("{2150E333-8FDC-42A3-9474-1A3956D46DE8}") = "Presentation", "Presentation", "{5A620E68-6252-41EE-B32E-878272AF47BA}"
EndProject
Project("{9A19103F-16F7-4668-BE54-9A1E7A4F7556}") = "SkillBridge.Application", "Core\SkillBridge.Application\SkillBridge.Application.csproj", "{5A7495EF-94EF-413C-BFEC-87768836D475}"
EndProject
Project("{9A19103F-16F7-4668-BE54-9A1E7A4F7556}") = "SkillBridge.Domain", "Core\SkillBridge.Domain\SkillBridge.Domain.csproj", "{4857E449-2D40-45D2-BD49-B34795A06057}"
EndProject
Project("{9A19103F-16F7-4668-BE54-9A1E7A4F7556}") = "SkillBridge.Infrastructure", "Infrastructure\SkillBridge.Infrastructure\SkillBridge.Infrastructure.csproj", "{0DDC3846-F48B-4942-B037-0EC1D19F0453}"
EndProject
Project("{9A19103F-16F7-4668-BE54-9A1E7A4F7556}") = "SkillBridge.WebApi", "Presentation\SkillBridge.WebApi\SkillBridge.WebApi.csproj", "{C862B9B2-5D36-4183-8004-2935222675A1}"
EndProject
Project("{2150E333-8FDC-42A3-9474-1A3956D46DE8}") = "Solution Items", "Solution Items", "{4A8EDD12-B1BF-446E-AFB5-E5BF2ACE69D4}"
	ProjectSection(SolutionItems) = preProject
		docker-compose.yml = docker-compose.yml
	EndProjectSection
EndProject
Global
	GlobalSection(SolutionConfigurationPlatforms) = preSolution
		Debug|Any CPU = Debug|Any CPU
		Release|Any CPU = Release|Any CPU
	EndGlobalSection
	GlobalSection(ProjectConfigurationPlatforms) = postSolution
		{5A7495EF-94EF-413C-BFEC-87768836D475}.Debug|Any CPU.ActiveCfg = Debug|Any CPU
		{5A7495EF-94EF-413C-BFEC-87768836D475}.Debug|Any CPU.Build.0 = Debug|Any CPU
		{5A7495EF-94EF-413C-BFEC-87768836D475}.Release|Any CPU.ActiveCfg = Release|Any CPU
		{5A7495EF-94EF-413C-BFEC-87768836D475}.Release|Any CPU.Build.0 = Release|Any CPU
		{4857E449-2D40-45D2-BD49-B34795A06057}.Debug|Any CPU.ActiveCfg = Debug|Any CPU
		{4857E449-2D40-45D2-BD49-B34795A06057}.Debug|Any CPU.Build.0 = Debug|Any CPU
		{4857E449-2D40-45D2-BD49-B34795A06057}.Release|Any CPU.ActiveCfg = Release|Any CPU
		{4857E449-2D40-45D2-BD49-B34795A06057}.Release|Any CPU.Build.0 = Release|Any CPU
		{0DDC3846-F48B-4942-B037-0EC1D19F0453}.Debug|Any CPU.ActiveCfg = Debug|Any CPU
		{0DDC3846-F48B-4942-B037-0EC1D19F0453}.Debug|Any CPU.Build.0 = Debug|Any CPU
		{0DDC3846-F48B-4942-B037-0EC1D19F0453}.Release|Any CPU.ActiveCfg = Release|Any CPU
		{0DDC3846-F48B-4942-B037-0EC1D19F0453}.Release|Any CPU.Build.0 = Release|Any CPU
		{C862B9B2-5D36-4183-8004-2935222675A1}.Debug|Any CPU.ActiveCfg = Debug|Any CPU
		{C862B9B2-5D36-4183-8004-2935222675A1}.Debug|Any CPU.Build.0 = Debug|Any CPU
		{C862B9B2-5D36-4183-8004-2935222675A1}.Release|Any CPU.ActiveCfg = Release|Any CPU
		{C862B9B2-5D36-4183-8004-2935222675A1}.Release|Any CPU.Build.0 = Release|Any CPU
	EndGlobalSection
	GlobalSection(SolutionProperties) = preSolution
		HideSolutionNode = FALSE
	EndGlobalSection
	GlobalSection(NestedProjects) = preSolution
		{5A7495EF-94EF-413C-BFEC-87768836D475} = {CD33F6B0-40D3-4EE9-95B0-EF288DE77141}
		{4857E449-2D40-45D2-BD49-B34795A06057} = {CD33F6B0-40D3-4EE9-95B0-EF288DE77141}
		{0DDC3846-F48B-4942-B037-0EC1D19F0453} = {FBB0790C-2593-4227-812D-F944FA632628}
		{C862B9B2-5D36-4183-8004-2935222675A1} = {5A620E68-6252-41EE-B32E-878272AF47BA}
	EndGlobalSection
	GlobalSection(ExtensibilityGlobals) = postSolution
		SolutionGuid = {7790E5F4-47DD-4431-890C-DBB1690D4417}
	EndGlobalSection
EndGlobal
